PODS:
  - CocoaAsyncSocket (7.6.2)
  - MJExtension (3.0.13)
  - MJRefresh (3.1.15.3)
  - Realm (2.8.3):
    - Realm/Headers (= 2.8.3)
  - Realm/Headers (2.8.3)
  - SDAutoLayout (2.2.0)
  - SDWebImage (4.3.0):
    - SDWebImage/Core (= 4.3.0)
  - SDWebImage/Core (4.3.0)

DEPENDENCIES:
  - CocoaAsyncSocket (~> 7.6.2)
  - MJExtension
  - MJRefresh
  - Realm (~> 2.8.1)
  - SDAutoLayout
  - SDWebImage

SPEC CHECKSUMS:
  CocoaAsyncSocket: 3541e024f48c54b251638ef72d51dd42808de932
  MJExtension: 5932755f451458eefa24239358817f8d291240c7
  MJRefresh: b48380ae2b927b46c4ef000de9adb8dc748e1df7
  Realm: 3601ef091c8c499a31101d8563b991e75546cdce
  SDAutoLayout: c5509e77ae75735d9a39f7bc83dba6d3f75d49d8
  SDWebImage: 6da6c8bca115addc4de8613362e1b15f66333825

PODFILE CHECKSUM: 9e102a4a36fe65925092fb7d8c012930baf83e7a

COCOAPODS: 1.1.1
