// !$*UTF8*$!
{
	archiveVersion = 1;
	classes = {
	};
	objectVersion = 48;
	objects = {

/* Begin PBXBuildFile section */
		04D430E42063BB7300B9D5D8 /* HttpServer.h in CopyFiles */ = {isa = PBXBuildFile; fileRef = 04D430E12063BB7300B9D5D8 /* HttpServer.h */; };
		D779D621F925DC8ECB4292DE /* libPods-HttpServer.a in Frameworks */ = {isa = PBXBuildFile; fileRef = 5BB2117D7CF974297CAF5045 /* libPods-HttpServer.a */; };
/* End PBXBuildFile section */

/* Begin PBXCopyFilesBuildPhase section */
		04D430DC2063BB7300B9D5D8 /* CopyFiles */ = {
			isa = PBXCopyFilesBuildPhase;
			buildActionMask = 2147483647;
			dstPath = "include/$(PRODUCT_NAME)";
			dstSubfolderSpec = 16;
			files = (
				04D430E42063BB7300B9D5D8 /* HttpServer.h in CopyFiles */,
			);
			runOnlyForDeploymentPostprocessing = 0;
		};
/* End PBXCopyFilesBuildPhase section */

/* Begin PBXFileReference section */
		04D430DE2063BB7300B9D5D8 /* libHttpServer.a */ = {isa = PBXFileReference; explicitFileType = archive.ar; includeInIndex = 0; path = libHttpServer.a; sourceTree = BUILT_PRODUCTS_DIR; };
		04D430E12063BB7300B9D5D8 /* HttpServer.h */ = {isa = PBXFileReference; lastKnownFileType = sourcecode.c.h; path = HttpServer.h; sourceTree = "<group>"; };
		133F75364FB58007E0A50DFA /* Pods-HttpServer.release.xcconfig */ = {isa = PBXFileReference; includeInIndex = 1; lastKnownFileType = text.xcconfig; name = "Pods-HttpServer.release.xcconfig"; path = "../Pods/Target Support Files/Pods-HttpServer/Pods-HttpServer.release.xcconfig"; sourceTree = "<group>"; };
		5BB2117D7CF974297CAF5045 /* libPods-HttpServer.a */ = {isa = PBXFileReference; explicitFileType = archive.ar; includeInIndex = 0; path = "libPods-HttpServer.a"; sourceTree = BUILT_PRODUCTS_DIR; };
		D047C355D9D65D446C8B1CDA /* Pods-HttpServer.debug.xcconfig */ = {isa = PBXFileReference; includeInIndex = 1; lastKnownFileType = text.xcconfig; name = "Pods-HttpServer.debug.xcconfig"; path = "../Pods/Target Support Files/Pods-HttpServer/Pods-HttpServer.debug.xcconfig"; sourceTree = "<group>"; };
/* End PBXFileReference section */

/* Begin PBXFrameworksBuildPhase section */
		04D430DB2063BB7300B9D5D8 /* Frameworks */ = {
			isa = PBXFrameworksBuildPhase;
			buildActionMask = 2147483647;
			files = (
				D779D621F925DC8ECB4292DE /* libPods-HttpServer.a in Frameworks */,
			);
			runOnlyForDeploymentPostprocessing = 0;
		};
/* End PBXFrameworksBuildPhase section */

/* Begin PBXGroup section */
		04D430D52063BB7300B9D5D8 = {
			isa = PBXGroup;
			children = (
				04D430E02063BB7300B9D5D8 /* HttpServer */,
				04D430DF2063BB7300B9D5D8 /* Products */,
				491CD8F339C11888CE9867AE /* Pods */,
				242D116806D437B612FA54DC /* Frameworks */,
			);
			sourceTree = "<group>";
		};
		04D430DF2063BB7300B9D5D8 /* Products */ = {
			isa = PBXGroup;
			children = (
				04D430DE2063BB7300B9D5D8 /* libHttpServer.a */,
			);
			name = Products;
			sourceTree = "<group>";
		};
		04D430E02063BB7300B9D5D8 /* HttpServer */ = {
			isa = PBXGroup;
			children = (
				04D430E12063BB7300B9D5D8 /* HttpServer.h */,
			);
			path = HttpServer;
			sourceTree = "<group>";
		};
		242D116806D437B612FA54DC /* Frameworks */ = {
			isa = PBXGroup;
			children = (
				5BB2117D7CF974297CAF5045 /* libPods-HttpServer.a */,
			);
			name = Frameworks;
			sourceTree = "<group>";
		};
		491CD8F339C11888CE9867AE /* Pods */ = {
			isa = PBXGroup;
			children = (
				D047C355D9D65D446C8B1CDA /* Pods-HttpServer.debug.xcconfig */,
				133F75364FB58007E0A50DFA /* Pods-HttpServer.release.xcconfig */,
			);
			name = Pods;
			sourceTree = "<group>";
		};
/* End PBXGroup section */

/* Begin PBXNativeTarget section */
		04D430DD2063BB7300B9D5D8 /* HttpServer */ = {
			isa = PBXNativeTarget;
			buildConfigurationList = 04D430E72063BB7300B9D5D8 /* Build configuration list for PBXNativeTarget "HttpServer" */;
			buildPhases = (
				E264C1A29472D51AE617EA56 /* [CP] Check Pods Manifest.lock */,
				04D430DA2063BB7300B9D5D8 /* Sources */,
				04D430DB2063BB7300B9D5D8 /* Frameworks */,
				04D430DC2063BB7300B9D5D8 /* CopyFiles */,
				65793F9AFE619DB1B71F4373 /* [CP] Copy Pods Resources */,
			);
			buildRules = (
			);
			dependencies = (
			);
			name = HttpServer;
			productName = HttpServer;
			productReference = 04D430DE2063BB7300B9D5D8 /* libHttpServer.a */;
			productType = "com.apple.product-type.library.static";
		};
/* End PBXNativeTarget section */

/* Begin PBXProject section */
		04D430D62063BB7300B9D5D8 /* Project object */ = {
			isa = PBXProject;
			attributes = {
				LastUpgradeCheck = 0910;
				ORGANIZATIONNAME = Mac;
				TargetAttributes = {
					04D430DD2063BB7300B9D5D8 = {
						CreatedOnToolsVersion = 9.1;
						ProvisioningStyle = Automatic;
					};
				};
			};
			buildConfigurationList = 04D430D92063BB7300B9D5D8 /* Build configuration list for PBXProject "HttpServer" */;
			compatibilityVersion = "Xcode 8.0";
			developmentRegion = en;
			hasScannedForEncodings = 0;
			knownRegions = (
				en,
			);
			mainGroup = 04D430D52063BB7300B9D5D8;
			productRefGroup = 04D430DF2063BB7300B9D5D8 /* Products */;
			projectDirPath = "";
			projectRoot = "";
			targets = (
				04D430DD2063BB7300B9D5D8 /* HttpServer */,
			);
		};
/* End PBXProject section */

/* Begin PBXShellScriptBuildPhase section */
		65793F9AFE619DB1B71F4373 /* [CP] Copy Pods Resources */ = {
			isa = PBXShellScriptBuildPhase;
			buildActionMask = 2147483647;
			files = (
			);
			inputPaths = (
			);
			name = "[CP] Copy Pods Resources";
			outputPaths = (
			);
			runOnlyForDeploymentPostprocessing = 0;
			shellPath = /bin/sh;
			shellScript = "\"${SRCROOT}/../Pods/Target Support Files/Pods-HttpServer/Pods-HttpServer-resources.sh\"\n";
			showEnvVarsInLog = 0;
		};
		E264C1A29472D51AE617EA56 /* [CP] Check Pods Manifest.lock */ = {
			isa = PBXShellScriptBuildPhase;
			buildActionMask = 2147483647;
			files = (
			);
			inputPaths = (
			);
			name = "[CP] Check Pods Manifest.lock";
			outputPaths = (
			);
			runOnlyForDeploymentPostprocessing = 0;
			shellPath = /bin/sh;
			shellScript = "diff \"${PODS_ROOT}/../Podfile.lock\" \"${PODS_ROOT}/Manifest.lock\" > /dev/null\nif [ $? != 0 ] ; then\n    # print error to STDERR\n    echo \"error: The sandbox is not in sync with the Podfile.lock. Run 'pod install' or update your CocoaPods installation.\" >&2\n    exit 1\nfi\n";
			showEnvVarsInLog = 0;
		};
/* End PBXShellScriptBuildPhase section */

/* Begin PBXSourcesBuildPhase section */
		04D430DA2063BB7300B9D5D8 /* Sources */ = {
			isa = PBXSourcesBuildPhase;
			buildActionMask = 2147483647;
			files = (
			);
			runOnlyForDeploymentPostprocessing = 0;
		};
/* End PBXSourcesBuildPhase section */

/* Begin XCBuildConfiguration section */
		04D430E52063BB7300B9D5D8 /* Debug */ = {
			isa = XCBuildConfiguration;
			buildSettings = {
				ALWAYS_SEARCH_USER_PATHS = NO;
				CLANG_ANALYZER_NONNULL = YES;
				CLANG_ANALYZER_NUMBER_OBJECT_CONVERSION = YES_AGGRESSIVE;
				CLANG_CXX_LANGUAGE_STANDARD = "gnu++14";
				CLANG_CXX_LIBRARY = "libc++";
				CLANG_ENABLE_MODULES = YES;
				CLANG_ENABLE_OBJC_ARC = YES;
				CLANG_WARN_BLOCK_CAPTURE_AUTORELEASING = YES;
				CLANG_WARN_BOOL_CONVERSION = YES;
				CLANG_WARN_COMMA = YES;
				CLANG_WARN_CONSTANT_CONVERSION = YES;
				CLANG_WARN_DIRECT_OBJC_ISA_USAGE = YES_ERROR;
				CLANG_WARN_DOCUMENTATION_COMMENTS = YES;
				CLANG_WARN_EMPTY_BODY = YES;
				CLANG_WARN_ENUM_CONVERSION = YES;
				CLANG_WARN_INFINITE_RECURSION = YES;
				CLANG_WARN_INT_CONVERSION = YES;
				CLANG_WARN_NON_LITERAL_NULL_CONVERSION = YES;
				CLANG_WARN_OBJC_LITERAL_CONVERSION = YES;
				CLANG_WARN_OBJC_ROOT_CLASS = YES_ERROR;
				CLANG_WARN_RANGE_LOOP_ANALYSIS = YES;
				CLANG_WARN_STRICT_PROTOTYPES = YES;
				CLANG_WARN_SUSPICIOUS_MOVE = YES;
				CLANG_WARN_UNGUARDED_AVAILABILITY = YES_AGGRESSIVE;
				CLANG_WARN_UNREACHABLE_CODE = YES;
				CLANG_WARN__DUPLICATE_METHOD_MATCH = YES;
				CODE_SIGN_IDENTITY = "iPhone Developer";
				COPY_PHASE_STRIP = NO;
				DEBUG_INFORMATION_FORMAT = dwarf;
				ENABLE_STRICT_OBJC_MSGSEND = YES;
				ENABLE_TESTABILITY = YES;
				GCC_C_LANGUAGE_STANDARD = gnu11;
				GCC_DYNAMIC_NO_PIC = NO;
				GCC_NO_COMMON_BLOCKS = YES;
				GCC_OPTIMIZATION_LEVEL = 0;
				GCC_PREPROCESSOR_DEFINITIONS = (
					"DEBUG=1",
					"$(inherited)",
				);
				GCC_WARN_64_TO_32_BIT_CONVERSION = YES;
				GCC_WARN_ABOUT_RETURN_TYPE = YES_ERROR;
				GCC_WARN_UNDECLARED_SELECTOR = YES;
				GCC_WARN_UNINITIALIZED_AUTOS = YES_AGGRESSIVE;
				GCC_WARN_UNUSED_FUNCTION = YES;
				GCC_WARN_UNUSED_VARIABLE = YES;
				IPHONEOS_DEPLOYMENT_TARGET = 9;
				MTL_ENABLE_DEBUG_INFO = YES;
				ONLY_ACTIVE_ARCH = YES;
				SDKROOT = iphoneos;
			};
			name = Debug;
		};
		04D430E62063BB7300B9D5D8 /* Release */ = {
			isa = XCBuildConfiguration;
			buildSettings = {
				ALWAYS_SEARCH_USER_PATHS = NO;
				CLANG_ANALYZER_NONNULL = YES;
				CLANG_ANALYZER_NUMBER_OBJECT_CONVERSION = YES_AGGRESSIVE;
				CLANG_CXX_LANGUAGE_STANDARD = "gnu++14";
				CLANG_CXX_LIBRARY = "libc++";
				CLANG_ENABLE_MODULES = YES;
				CLANG_ENABLE_OBJC_ARC = YES;
				CLANG_WARN_BLOCK_CAPTURE_AUTORELEASING = YES;
				CLANG_WARN_BOOL_CONVERSION = YES;
				CLANG_WARN_COMMA = YES;
				CLANG_WARN_CONSTANT_CONVERSION = YES;
				CLANG_WARN_DIRECT_OBJC_ISA_USAGE = YES_ERROR;
				CLANG_WARN_DOCUMENTATION_COMMENTS = YES;
				CLANG_WARN_EMPTY_BODY = YES;
				CLANG_WARN_ENUM_CONVERSION = YES;
				CLANG_WARN_INFINITE_RECURSION = YES;
				CLANG_WARN_INT_CONVERSION = YES;
				CLANG_WARN_NON_LITERAL_NULL_CONVERSION = YES;
				CLANG_WARN_OBJC_LITERAL_CONVERSION = YES;
				CLANG_WARN_OBJC_ROOT_CLASS = YES_ERROR;
				CLANG_WARN_RANGE_LOOP_ANALYSIS = YES;
				CLANG_WARN_STRICT_PROTOTYPES = YES;
				CLANG_WARN_SUSPICIOUS_MOVE = YES;
				CLANG_WARN_UNGUARDED_AVAILABILITY = YES_AGGRESSIVE;
				CLANG_WARN_UNREACHABLE_CODE = YES;
				CLANG_WARN__DUPLICATE_METHOD_MATCH = YES;
				CODE_SIGN_IDENTITY = "iPhone Developer";
				COPY_PHASE_STRIP = NO;
				DEBUG_INFORMATION_FORMAT = "dwarf-with-dsym";
				ENABLE_NS_ASSERTIONS = NO;
				ENABLE_STRICT_OBJC_MSGSEND = YES;
				GCC_C_LANGUAGE_STANDARD = gnu11;
				GCC_NO_COMMON_BLOCKS = YES;
				GCC_WARN_64_TO_32_BIT_CONVERSION = YES;
				GCC_WARN_ABOUT_RETURN_TYPE = YES_ERROR;
				GCC_WARN_UNDECLARED_SELECTOR = YES;
				GCC_WARN_UNINITIALIZED_AUTOS = YES_AGGRESSIVE;
				GCC_WARN_UNUSED_FUNCTION = YES;
				GCC_WARN_UNUSED_VARIABLE = YES;
				IPHONEOS_DEPLOYMENT_TARGET = 9;
				MTL_ENABLE_DEBUG_INFO = NO;
				SDKROOT = iphoneos;
				VALIDATE_PRODUCT = YES;
			};
			name = Release;
		};
		04D430E82063BB7300B9D5D8 /* Debug */ = {
			isa = XCBuildConfiguration;
			baseConfigurationReference = D047C355D9D65D446C8B1CDA /* Pods-HttpServer.debug.xcconfig */;
			buildSettings = {
				CODE_SIGN_STYLE = Automatic;
				OTHER_LDFLAGS = "-ObjC";
				PRODUCT_NAME = "$(TARGET_NAME)";
				SKIP_INSTALL = YES;
				TARGETED_DEVICE_FAMILY = "1,2";
			};
			name = Debug;
		};
		04D430E92063BB7300B9D5D8 /* Release */ = {
			isa = XCBuildConfiguration;
			baseConfigurationReference = 133F75364FB58007E0A50DFA /* Pods-HttpServer.release.xcconfig */;
			buildSettings = {
				CODE_SIGN_STYLE = Automatic;
				OTHER_LDFLAGS = "-ObjC";
				PRODUCT_NAME = "$(TARGET_NAME)";
				SKIP_INSTALL = YES;
				TARGETED_DEVICE_FAMILY = "1,2";
			};
			name = Release;
		};
/* End XCBuildConfiguration section */

/* Begin XCConfigurationList section */
		04D430D92063BB7300B9D5D8 /* Build configuration list for PBXProject "HttpServer" */ = {
			isa = XCConfigurationList;
			buildConfigurations = (
				04D430E52063BB7300B9D5D8 /* Debug */,
				04D430E62063BB7300B9D5D8 /* Release */,
			);
			defaultConfigurationIsVisible = 0;
			defaultConfigurationName = Release;
		};
		04D430E72063BB7300B9D5D8 /* Build configuration list for PBXNativeTarget "HttpServer" */ = {
			isa = XCConfigurationList;
			buildConfigurations = (
				04D430E82063BB7300B9D5D8 /* Debug */,
				04D430E92063BB7300B9D5D8 /* Release */,
			);
			defaultConfigurationIsVisible = 0;
			defaultConfigurationName = Release;
		};
/* End XCConfigurationList section */
	};
	rootObject = 04D430D62063BB7300B9D5D8 /* Project object */;
}
